// !$*UTF8*$!
{
	archiveVersion = 1;
	classes = {
	};
	objectVersion = 46;
	objects = {

/* Begin PBXBuildFile section */
		A40360F71E6A297200362C56 /* AppDelegate.swift in Sources */ = {isa = PBXBuildFile; fileRef = A40360F61E6A297200362C56 /* AppDelegate.swift */; };
		A40360FC1E6A297200362C56 /* Main.storyboard in Resources */ = {isa = PBXBuildFile; fileRef = A40360FA1E6A297200362C56 /* Main.storyboard */; };
		A40360FE1E6A297200362C56 /* Assets.xcassets in Resources */ = {isa = PBXBuildFile; fileRef = A40360FD1E6A297200362C56 /* Assets.xcassets */; };
		A40361011E6A297200362C56 /* LaunchScreen.storyboard in Resources */ = {isa = PBXBuildFile; fileRef = A40360FF1E6A297200362C56 /* LaunchScreen.storyboard */; };
		A48414291E6A2C7D00AF1F69 /* LoginViewController.swift in Sources */ = {isa = PBXBuildFile; fileRef = A48414281E6A2C7D00AF1F69 /* LoginViewController.swift */; };
		A484142B1E6A3C4D00AF1F69 /* HomeViewController.swift in Sources */ = {isa = PBXBuildFile; fileRef = A484142A1E6A3C4D00AF1F69 /* HomeViewController.swift */; };
		A484142D1E6A3C5800AF1F69 /* CaptureViewController.swift in Sources */ = {isa = PBXBuildFile; fileRef = A484142C1E6A3C5800AF1F69 /* CaptureViewController.swift */; };
		A484142F1E6A3C6200AF1F69 /* ProfileViewController.swift in Sources */ = {isa = PBXBuildFile; fileRef = A484142E1E6A3C6200AF1F69 /* ProfileViewController.swift */; };
		A48414331E6A400D00AF1F69 /* Post.swift in Sources */ = {isa = PBXBuildFile; fileRef = A48414321E6A400D00AF1F69 /* Post.swift */; };
		A48414351E6A401A00AF1F69 /* User.swift in Sources */ = {isa = PBXBuildFile; fileRef = A48414341E6A401A00AF1F69 /* User.swift */; };
		C70E60C57C03160C2F3494A1 /* Pods_instagram.framework in Frameworks */ = {isa = PBXBuildFile; fileRef = BAB7C9BA6599892E50103B6E /* Pods_instagram.framework */; };
/* End PBXBuildFile section */

/* Begin PBXFileReference section */
		23707B672183DDBD9891D4F6 /* Pods-instagram.debug.xcconfig */ = {isa = PBXFileReference; includeInIndex = 1; lastKnownFileType = text.xcconfig; name = "Pods-instagram.debug.xcconfig"; path = "Pods/Target Support Files/Pods-instagram/Pods-instagram.debug.xcconfig"; sourceTree = "<group>"; };
		67478E344E9A1EC210497A69 /* Pods-instagram.release.xcconfig */ = {isa = PBXFileReference; includeInIndex = 1; lastKnownFileType = text.xcconfig; name = "Pods-instagram.release.xcconfig"; path = "Pods/Target Support Files/Pods-instagram/Pods-instagram.release.xcconfig"; sourceTree = "<group>"; };
		A40360F31E6A297200362C56 /* instagram.app */ = {isa = PBXFileReference; explicitFileType = wrapper.application; includeInIndex = 0; path = instagram.app; sourceTree = BUILT_PRODUCTS_DIR; };
		A40360F61E6A297200362C56 /* AppDelegate.swift */ = {isa = PBXFileReference; lastKnownFileType = sourcecode.swift; path = AppDelegate.swift; sourceTree = "<group>"; };
		A40360FB1E6A297200362C56 /* Base */ = {isa = PBXFileReference; lastKnownFileType = file.storyboard; name = Base; path = Base.lproj/Main.storyboard; sourceTree = "<group>"; };
		A40360FD1E6A297200362C56 /* Assets.xcassets */ = {isa = PBXFileReference; lastKnownFileType = folder.assetcatalog; path = Assets.xcassets; sourceTree = "<group>"; };
		A40361001E6A297200362C56 /* Base */ = {isa = PBXFileReference; lastKnownFileType = file.storyboard; name = Base; path = Base.lproj/LaunchScreen.storyboard; sourceTree = "<group>"; };
		A40361021E6A297200362C56 /* Info.plist */ = {isa = PBXFileReference; lastKnownFileType = text.plist.xml; path = Info.plist; sourceTree = "<group>"; };
		A48414281E6A2C7D00AF1F69 /* LoginViewController.swift */ = {isa = PBXFileReference; fileEncoding = 4; lastKnownFileType = sourcecode.swift; path = LoginViewController.swift; sourceTree = "<group>"; };
		A484142A1E6A3C4D00AF1F69 /* HomeViewController.swift */ = {isa = PBXFileReference; fileEncoding = 4; lastKnownFileType = sourcecode.swift; path = HomeViewController.swift; sourceTree = "<group>"; };
		A484142C1E6A3C5800AF1F69 /* CaptureViewController.swift */ = {isa = PBXFileReference; fileEncoding = 4; lastKnownFileType = sourcecode.swift; path = CaptureViewController.swift; sourceTree = "<group>"; };
		A484142E1E6A3C6200AF1F69 /* ProfileViewController.swift */ = {isa = PBXFileReference; fileEncoding = 4; lastKnownFileType = sourcecode.swift; path = ProfileViewController.swift; sourceTree = "<group>"; };
		A48414321E6A400D00AF1F69 /* Post.swift */ = {isa = PBXFileReference; fileEncoding = 4; lastKnownFileType = sourcecode.swift; path = Post.swift; sourceTree = "<group>"; };
		A48414341E6A401A00AF1F69 /* User.swift */ = {isa = PBXFileReference; fileEncoding = 4; lastKnownFileType = sourcecode.swift; path = User.swift; sourceTree = "<group>"; };
		BAB7C9BA6599892E50103B6E /* Pods_instagram.framework */ = {isa = PBXFileReference; explicitFileType = wrapper.framework; includeInIndex = 0; path = Pods_instagram.framework; sourceTree = BUILT_PRODUCTS_DIR; };
/* End PBXFileReference section */

/* Begin PBXFrameworksBuildPhase section */
		A40360F01E6A297200362C56 /* Frameworks */ = {
			isa = PBXFrameworksBuildPhase;
			buildActionMask = 2147483647;
			files = (
				C70E60C57C03160C2F3494A1 /* Pods_instagram.framework in Frameworks */,
			);
			runOnlyForDeploymentPostprocessing = 0;
		};
/* End PBXFrameworksBuildPhase section */

/* Begin PBXGroup section */
		0AEB11362861B252C5AC151C /* Pods */ = {
			isa = PBXGroup;
			children = (
				23707B672183DDBD9891D4F6 /* Pods-instagram.debug.xcconfig */,
				67478E344E9A1EC210497A69 /* Pods-instagram.release.xcconfig */,
			);
			name = Pods;
			sourceTree = "<group>";
		};
		A40360EA1E6A297200362C56 = {
			isa = PBXGroup;
			children = (
				A40360F51E6A297200362C56 /* instagram */,
				A40360F41E6A297200362C56 /* Products */,
				0AEB11362861B252C5AC151C /* Pods */,
				EB4460A58FE2991A78EDEA2F /* Frameworks */,
			);
			sourceTree = "<group>";
		};
		A40360F41E6A297200362C56 /* Products */ = {
			isa = PBXGroup;
			children = (
				A40360F31E6A297200362C56 /* instagram.app */,
			);
			name = Products;
			sourceTree = "<group>";
		};
		A40360F51E6A297200362C56 /* instagram */ = {
			isa = PBXGroup;
			children = (
				A48414311E6A3FF500AF1F69 /* Models */,
				A48414361E6A41B900AF1F69 /* View Controllers */,
				A40360F61E6A297200362C56 /* AppDelegate.swift */,
				A40360FA1E6A297200362C56 /* Main.storyboard */,
				A40360FD1E6A297200362C56 /* Assets.xcassets */,
				A40360FF1E6A297200362C56 /* LaunchScreen.storyboard */,
				A40361021E6A297200362C56 /* Info.plist */,
			);
			path = instagram;
			sourceTree = "<group>";
		};
		A48414311E6A3FF500AF1F69 /* Models */ = {
			isa = PBXGroup;
			children = (
				A48414321E6A400D00AF1F69 /* Post.swift */,
				A48414341E6A401A00AF1F69 /* User.swift */,
			);
			name = Models;
			path = ..;
			sourceTree = "<group>";
		};
		A48414361E6A41B900AF1F69 /* View Controllers */ = {
			isa = PBXGroup;
			children = (
				A48414281E6A2C7D00AF1F69 /* LoginViewController.swift */,
				A484142A1E6A3C4D00AF1F69 /* HomeViewController.swift */,
				A484142C1E6A3C5800AF1F69 /* CaptureViewController.swift */,
				A484142E1E6A3C6200AF1F69 /* ProfileViewController.swift */,
			);
			name = "View Controllers";
			sourceTree = "<group>";
		};
		EB4460A58FE2991A78EDEA2F /* Frameworks */ = {
			isa = PBXGroup;
			children = (
				BAB7C9BA6599892E50103B6E /* Pods_instagram.framework */,
			);
			name = Frameworks;
			sourceTree = "<group>";
		};
/* End PBXGroup section */

/* Begin PBXNativeTarget section */
		A40360F21E6A297200362C56 /* instagram */ = {
			isa = PBXNativeTarget;
			buildConfigurationList = A40361051E6A297200362C56 /* Build configuration list for PBXNativeTarget "instagram" */;
			buildPhases = (
				5F03164305858BAD5E0D340C /* [CP] Check Pods Manifest.lock */,
				A40360EF1E6A297200362C56 /* Sources */,
				A40360F01E6A297200362C56 /* Frameworks */,
				A40360F11E6A297200362C56 /* Resources */,
				6CB0C9B757F987A29695DA2D /* [CP] Embed Pods Frameworks */,
				CF22FC22E5F87001C0B163A9 /* [CP] Copy Pods Resources */,
			);
			buildRules = (
			);
			dependencies = (
			);
			name = instagram;
			productName = instagram;
			productReference = A40360F31E6A297200362C56 /* instagram.app */;
			productType = "com.apple.product-type.application";
		};
/* End PBXNativeTarget section */

/* Begin PBXProject section */
		A40360EB1E6A297200362C56 /* Project object */ = {
			isa = PBXProject;
			attributes = {
				LastSwiftUpdateCheck = 0820;
				LastUpgradeCheck = 0820;
				ORGANIZATIONNAME = "Sanyam Satia";
				TargetAttributes = {
					A40360F21E6A297200362C56 = {
						CreatedOnToolsVersion = 8.2.1;
						DevelopmentTeam = NY7DR55T69;
						ProvisioningStyle = Automatic;
					};
				};
			};
			buildConfigurationList = A40360EE1E6A297200362C56 /* Build configuration list for PBXProject "instagram" */;
			compatibilityVersion = "Xcode 3.2";
			developmentRegion = English;
			hasScannedForEncodings = 0;
			knownRegions = (
				en,
				Base,
			);
			mainGroup = A40360EA1E6A297200362C56;
			productRefGroup = A40360F41E6A297200362C56 /* Products */;
			projectDirPath = "";
			projectRoot = "";
			targets = (
				A40360F21E6A297200362C56 /* instagram */,
			);
		};
/* End PBXProject section */

/* Begin PBXResourcesBuildPhase section */
		A40360F11E6A297200362C56 /* Resources */ = {
			isa = PBXResourcesBuildPhase;
			buildActionMask = 2147483647;
			files = (
				A40361011E6A297200362C56 /* LaunchScreen.storyboard in Resources */,
				A40360FE1E6A297200362C56 /* Assets.xcassets in Resources */,
				A40360FC1E6A297200362C56 /* Main.storyboard in Resources */,
			);
			runOnlyForDeploymentPostprocessing = 0;
		};
/* End PBXResourcesBuildPhase section */

/* Begin PBXShellScriptBuildPhase section */
		5F03164305858BAD5E0D340C /* [CP] Check Pods Manifest.lock */ = {
			isa = PBXShellScriptBuildPhase;
			buildActionMask = 2147483647;
			files = (
			);
			inputPaths = (
			);
			name = "[CP] Check Pods Manifest.lock";
			outputPaths = (
			);
			runOnlyForDeploymentPostprocessing = 0;
			shellPath = /bin/sh;
			shellScript = "diff \"${PODS_ROOT}/../Podfile.lock\" \"${PODS_ROOT}/Manifest.lock\" > /dev/null\nif [ $? != 0 ] ; then\n    # print error to STDERR\n    echo \"error: The sandbox is not in sync with the Podfile.lock. Run 'pod install' or update your CocoaPods installation.\" >&2\n    exit 1\nfi\n";
			showEnvVarsInLog = 0;
		};
		6CB0C9B757F987A29695DA2D /* [CP] Embed Pods Frameworks */ = {
			isa = PBXShellScriptBuildPhase;
			buildActionMask = 2147483647;
			files = (
			);
			inputPaths = (
			);
			name = "[CP] Embed Pods Frameworks";
			outputPaths = (
			);
			runOnlyForDeploymentPostprocessing = 0;
			shellPath = /bin/sh;
			shellScript = "\"${SRCROOT}/Pods/Target Support Files/Pods-instagram/Pods-instagram-frameworks.sh\"\n";
			showEnvVarsInLog = 0;
		};
		CF22FC22E5F87001C0B163A9 /* [CP] Copy Pods Resources */ = {
			isa = PBXShellScriptBuildPhase;
			buildActionMask = 2147483647;
			files = (
			);
			inputPaths = (
			);
			name = "[CP] Copy Pods Resources";
			outputPaths = (
			);
			runOnlyForDeploymentPostprocessing = 0;
			shellPath = /bin/sh;
			shellScript = "\"${SRCROOT}/Pods/Target Support Files/Pods-instagram/Pods-instagram-resources.sh\"\n";
			showEnvVarsInLog = 0;
		};
/* End PBXShellScriptBuildPhase section */

/* Begin PBXSourcesBuildPhase section */
		A40360EF1E6A297200362C56 /* Sources */ = {
			isa = PBXSourcesBuildPhase;
			buildActionMask = 2147483647;
			files = (
				A48414291E6A2C7D00AF1F69 /* LoginViewController.swift in Sources */,
				A484142D1E6A3C5800AF1F69 /* CaptureViewController.swift in Sources */,
				A484142F1E6A3C6200AF1F69 /* ProfileViewController.swift in Sources */,
				A48414331E6A400D00AF1F69 /* Post.swift in Sources */,
				A40360F71E6A297200362C56 /* AppDelegate.swift in Sources */,
				A484142B1E6A3C4D00AF1F69 /* HomeViewController.swift in Sources */,
				A48414351E6A401A00AF1F69 /* User.swift in Sources */,
			);
			runOnlyForDeploymentPostprocessing = 0;
		};
/* End PBXSourcesBuildPhase section */

/* Begin PBXVariantGroup section */
		A40360FA1E6A297200362C56 /* Main.storyboard */ = {
			isa = PBXVariantGroup;
			children = (
				A40360FB1E6A297200362C56 /* Base */,
			);
			name = Main.storyboard;
			sourceTree = "<group>";
		};
		A40360FF1E6A297200362C56 /* LaunchScreen.storyboard */ = {
			isa = PBXVariantGroup;
			children = (
				A40361001E6A297200362C56 /* Base */,
			);
			name = LaunchScreen.storyboard;
			sourceTree = "<group>";
		};
/* End PBXVariantGroup section */

/* Begin XCBuildConfiguration section */
		A40361031E6A297200362C56 /* Debug */ = {
			isa = XCBuildConfiguration;
			buildSettings = {
				ALWAYS_SEARCH_USER_PATHS = NO;
				CLANG_ANALYZER_NONNULL = YES;
				CLANG_CXX_LANGUAGE_STANDARD = "gnu++0x";
				CLANG_CXX_LIBRARY = "libc++";
				CLANG_ENABLE_MODULES = YES;
				CLANG_ENABLE_OBJC_ARC = YES;
				CLANG_WARN_BOOL_CONVERSION = YES;
				CLANG_WARN_CONSTANT_CONVERSION = YES;
				CLANG_WARN_DIRECT_OBJC_ISA_USAGE = YES_ERROR;
				CLANG_WARN_DOCUMENTATION_COMMENTS = YES;
				CLANG_WARN_EMPTY_BODY = YES;
				CLANG_WARN_ENUM_CONVERSION = YES;
				CLANG_WARN_INFINITE_RECURSION = YES;
				CLANG_WARN_INT_CONVERSION = YES;
				CLANG_WARN_OBJC_ROOT_CLASS = YES_ERROR;
				CLANG_WARN_SUSPICIOUS_MOVE = YES;
				CLANG_WARN_UNREACHABLE_CODE = YES;
				CLANG_WARN__DUPLICATE_METHOD_MATCH = YES;
				"CODE_SIGN_IDENTITY[sdk=iphoneos*]" = "iPhone Developer";
				COPY_PHASE_STRIP = NO;
				DEBUG_INFORMATION_FORMAT = dwarf;
				ENABLE_STRICT_OBJC_MSGSEND = YES;
				ENABLE_TESTABILITY = YES;
				GCC_C_LANGUAGE_STANDARD = gnu99;
				GCC_DYNAMIC_NO_PIC = NO;
				GCC_NO_COMMON_BLOCKS = YES;
				GCC_OPTIMIZATION_LEVEL = 0;
				GCC_PREPROCESSOR_DEFINITIONS = (
					"DEBUG=1",
					"$(inherited)",
				);
				GCC_WARN_64_TO_32_BIT_CONVERSION = YES;
				GCC_WARN_ABOUT_RETURN_TYPE = YES_ERROR;
				GCC_WARN_UNDECLARED_SELECTOR = YES;
				GCC_WARN_UNINITIALIZED_AUTOS = YES_AGGRESSIVE;
				GCC_WARN_UNUSED_FUNCTION = YES;
				GCC_WARN_UNUSED_VARIABLE = YES;
				IPHONEOS_DEPLOYMENT_TARGET = 10.2;
				MTL_ENABLE_DEBUG_INFO = YES;
				ONLY_ACTIVE_ARCH = YES;
				SDKROOT = iphoneos;
				SWIFT_ACTIVE_COMPILATION_CONDITIONS = DEBUG;
				SWIFT_OPTIMIZATION_LEVEL = "-Onone";
			};
			name = Debug;
		};
		A40361041E6A297200362C56 /* Release */ = {
			isa = XCBuildConfiguration;
			buildSettings = {
				ALWAYS_SEARCH_USER_PATHS = NO;
				CLANG_ANALYZER_NONNULL = YES;
				CLANG_CXX_LANGUAGE_STANDARD = "gnu++0x";
				CLANG_CXX_LIBRARY = "libc++";
				CLANG_ENABLE_MODULES = YES;
				CLANG_ENABLE_OBJC_ARC = YES;
				CLANG_WARN_BOOL_CONVERSION = YES;
				CLANG_WARN_CONSTANT_CONVERSION = YES;
				CLANG_WARN_DIRECT_OBJC_ISA_USAGE = YES_ERROR;
				CLANG_WARN_DOCUMENTATION_COMMENTS = YES;
				CLANG_WARN_EMPTY_BODY = YES;
				CLANG_WARN_ENUM_CONVERSION = YES;
				CLANG_WARN_INFINITE_RECURSION = YES;
				CLANG_WARN_INT_CONVERSION = YES;
				CLANG_WARN_OBJC_ROOT_CLASS = YES_ERROR;
				CLANG_WARN_SUSPICIOUS_MOVE = YES;
				CLANG_WARN_UNREACHABLE_CODE = YES;
				CLANG_WARN__DUPLICATE_METHOD_MATCH = YES;
				"CODE_SIGN_IDENTITY[sdk=iphoneos*]" = "iPhone Developer";
				COPY_PHASE_STRIP = NO;
				DEBUG_INFORMATION_FORMAT = "dwarf-with-dsym";
				ENABLE_NS_ASSERTIONS = NO;
				ENABLE_STRICT_OBJC_MSGSEND = YES;
				GCC_C_LANGUAGE_STANDARD = gnu99;
				GCC_NO_COMMON_BLOCKS = YES;
				GCC_WARN_64_TO_32_BIT_CONVERSION = YES;
				GCC_WARN_ABOUT_RETURN_TYPE = YES_ERROR;
				GCC_WARN_UNDECLARED_SELECTOR = YES;
				GCC_WARN_UNINITIALIZED_AUTOS = YES_AGGRESSIVE;
				GCC_WARN_UNUSED_FUNCTION = YES;
				GCC_WARN_UNUSED_VARIABLE = YES;
				IPHONEOS_DEPLOYMENT_TARGET = 10.2;
				MTL_ENABLE_DEBUG_INFO = NO;
				SDKROOT = iphoneos;
				SWIFT_OPTIMIZATION_LEVEL = "-Owholemodule";
				VALIDATE_PRODUCT = YES;
			};
			name = Release;
		};
		A40361061E6A297200362C56 /* Debug */ = {
			isa = XCBuildConfiguration;
			baseConfigurationReference = 23707B672183DDBD9891D4F6 /* Pods-instagram.debug.xcconfig */;
			buildSettings = {
				ASSETCATALOG_COMPILER_APPICON_NAME = AppIcon;
				DEVELOPMENT_TEAM = NY7DR55T69;
				INFOPLIST_FILE = instagram/Info.plist;
				LD_RUNPATH_SEARCH_PATHS = "$(inherited) @executable_path/Frameworks";
				PRODUCT_BUNDLE_IDENTIFIER = ss.instagram;
				PRODUCT_NAME = "$(TARGET_NAME)";
				SWIFT_VERSION = 3.0;
			};
			name = Debug;
		};
		A40361071E6A297200362C56 /* Release */ = {
			isa = XCBuildConfiguration;
			baseConfigurationReference = 67478E344E9A1EC210497A69 /* Pods-instagram.release.xcconfig */;
			buildSettings = {
				ASSETCATALOG_COMPILER_APPICON_NAME = AppIcon;
				DEVELOPMENT_TEAM = NY7DR55T69;
				INFOPLIST_FILE = instagram/Info.plist;
				LD_RUNPATH_SEARCH_PATHS = "$(inherited) @executable_path/Frameworks";
				PRODUCT_BUNDLE_IDENTIFIER = ss.instagram;
				PRODUCT_NAME = "$(TARGET_NAME)";
				SWIFT_VERSION = 3.0;
			};
			name = Release;
		};
/* End XCBuildConfiguration section */

/* Begin XCConfigurationList section */
		A40360EE1E6A297200362C56 /* Build configuration list for PBXProject "instagram" */ = {
			isa = XCConfigurationList;
			buildConfigurations = (
				A40361031E6A297200362C56 /* Debug */,
				A40361041E6A297200362C56 /* Release */,
			);
			defaultConfigurationIsVisible = 0;
			defaultConfigurationName = Release;
		};
		A40361051E6A297200362C56 /* Build configuration list for PBXNativeTarget "instagram" */ = {
			isa = XCConfigurationList;
			buildConfigurations = (
				A40361061E6A297200362C56 /* Debug */,
				A40361071E6A297200362C56 /* Release */,
			);
			defaultConfigurationIsVisible = 0;
			defaultConfigurationName = Release;
		};
/* End XCConfigurationList section */
	};
	rootObject = A40360EB1E6A297200362C56 /* Project object */;
}
